<?xml version="1.0" encoding="UTF-8"?>
<Scheme
   LastUpgradeVersion = "1310"
   version = "1.3">
   <BuildAction
      parallelizeBuildables = "YES"
      buildImplicitDependencies = "YES">
      <BuildActionEntries>
         <BuildActionEntry
            buildForTesting = "YES"
            buildForRunning = "YES"
            buildForProfiling = "YES"
            buildForArchiving = "YES"
            buildForAnalyzing = "YES">
            <BuildableReference
               BuildableIdentifier = "primary"
               BlueprintIdentifier = "Run"
               BuildableName = "Run"
               BlueprintName = "Run"
               ReferencedContainer = "container:">
            </BuildableReference>
         </BuildActionEntry>
         <BuildActionEntry
            buildForTesting = "YES"
            buildForRunning = "YES"
            buildForProfiling = "NO"
            buildForArchiving = "NO"
            buildForAnalyzing = "YES">
            <BuildableReference
               BuildableIdentifier = "primary"
               BlueprintIdentifier = "AppTests"
               BuildableName = "AppTests"
               BlueprintName = "AppTests"
               ReferencedContainer = "container:">
            </BuildableReference>
         </BuildActionEntry>
         <BuildActionEntry
            buildForTesting = "YES"
            buildForRunning = "YES"
            buildForProfiling = "YES"
            buildForArchiving = "YES"
            buildForAnalyzing = "YES">
            <BuildableReference
               BuildableIdentifier = "primary"
               BlueprintIdentifier = "Server_AppTests"
               BuildableName = "Server_AppTests"
               BlueprintName = "Server_AppTests"
               ReferencedContainer = "container:">
            </BuildableReference>
         </BuildActionEntry>
         <BuildActionEntry
            buildForTesting = "YES"
            buildForRunning = "YES"
            buildForProfiling = "YES"
            buildForArchiving = "YES"
            buildForAnalyzing = "YES">
            <BuildableReference
               BuildableIdentifier = "primary"
               BlueprintIdentifier = "App"
               BuildableName = "App"
               BlueprintName = "App"
               ReferencedContainer = "container:">
            </BuildableReference>
         </BuildActionEntry>
      </BuildActionEntries>
   </BuildAction>
   <TestAction
      buildConfiguration = "Debug"
      selectedDebuggerIdentifier = "Xcode.DebuggerFoundation.Debugger.LLDB"
      selectedLauncherIdentifier = "Xcode.DebuggerFoundation.Launcher.LLDB"
      shouldUseLaunchSchemeArgsEnv = "YES">
      <Testables>
         <TestableReference
            skipped = "NO">
            <BuildableReference
               BuildableIdentifier = "primary"
               BlueprintIdentifier = "AppTests"
               BuildableName = "AppTests"
               BlueprintName = "AppTests"
               ReferencedContainer = "container:">
            </BuildableReference>
         </TestableReference>
      </Testables>
   </TestAction>
   <LaunchAction
      buildConfiguration = "Debug"
      selectedDebuggerIdentifier = "Xcode.DebuggerFoundation.Debugger.LLDB"
      selectedLauncherIdentifier = "Xcode.DebuggerFoundation.Launcher.LLDB"
      launchStyle = "0"
      useCustomWorkingDirectory = "NO"
      ignoresPersistentStateOnLaunch = "NO"
      debugDocumentVersioning = "YES"
      debugServiceExtension = "internal"
      allowLocationSimulation = "YES">
      <BuildableProductRunnable
         runnableDebuggingMode = "0">
         <BuildableReference
            BuildableIdentifier = "primary"
            BlueprintIdentifier = "Run"
            BuildableName = "Run"
            BlueprintName = "Run"
            ReferencedContainer = "container:">
         </BuildableReference>
      </BuildableProductRunnable>
      <EnvironmentVariables>
         <EnvironmentVariable
            key = "FS_EMAIL_KEY"
            value = "project-2@updated-461-project-2.iam.gserviceaccount.com"
            isEnabled = "YES">
         </EnvironmentVariable>
         <EnvironmentVariable
            key = "BEARER_TOKEN"
            value = "eyJhbGciOiJIUzI1NiIsInR5cCI6IkpXVCJ9.eyJleHAiOjY0MDkyMjExMjAwLCJ1c2VybmFtZSI6ImVjZTQ2MWRlZmF1bHRhZG1pbiIsInBhc3N3b3JkIjoiY29ycmVjdGhvcnNlYmF0dGVyeXN0YXBsZTEyMyghX18rQCoqKEEiLCJhZG1pbiI6dHJ1ZSwic3ViIjoiNDYxLVByb2plY3QtVXNlciJ9.UxGdpZTRMJJN4UwRGFukiKtnluLKaeyvQzzxYmQhYEg"
            isEnabled = "YES">
         </EnvironmentVariable>
         <EnvironmentVariable
            key = "FS_PRJ_KEY"
            value = "updated-461-project-2"
            isEnabled = "YES">
         </EnvironmentVariable>
         <EnvironmentVariable
            key = "FS_PRIVKEY_KEY"
            value = "-----BEGIN PRIVATE KEY-----\nMIIEvgIBADANBgkqhkiG9w0BAQEFAASCBKgwggSkAgEAAoIBAQCy4VQge4kp7KHQ\nxanBj1W93j5BnDwpSSS7J0lZ4RK/NLKZOZOFkh+Wab719pgZaKswM0fQ6XA7n3oS\nhF1TDI58JCXzFyNd+LcFTSnXdMql4gRxHbYUoIuj/wzzWor31goZHm8ca/4ltJW8\niokmRntgLdVPwQjm9LdyX89sdkkwaNsgUj9oDtEJdQross+Dn/zYg+HySji4oCZi\nf9Zw6F5poBB+5H5oM+MUF3VQuTFbK+9XXp/orCLZXkTDg7CDUzHV37zLiSww/6FP\no7ofZDMm5AYrJirI9gFCeGJXVv+WCbjPKhFes/ArL5T9MmEdC+YWaFQuVpUtW6a0\nAn3nP2rtAgMBAAECggEAKyIDydhX9PTC+QcsnYh9NY0BKItug0sIkRtSR9qqjVH8\n7c8RGCBpvvhtLDyDpP7U5oi6/LBJWIsmIZBqu3OX6O3De9gctlRad2wJlpMqKTE0\nfn0aUmN7AHan7gcrYsLpCPEKfEk7DWb7wyyJkSHmLoUmvjYu+hfQo0LgjogAMmxz\nCE4XlCz/NOdgNk0DuTe1qMkOnSPEoB/tNc6dvIUQGRtqBZDBQgB4gY7CWJIOpDH2\nOGdkKXJKaLqKVuM8JoHzR0KlvA4/aoi8X+5X0eAePhwkjZw4+mqsXQq0auDz6IcT\neKkWlgVDlzU+j9wtyHI74zbW78/C4Rd7B3NeMeHXYQKBgQDcovmZV4WUMRDNJTBY\nrUignWhJrgN0q2Ser4gHCTtEhxUBwVda3gkZKYVAOx5nc7L2fLmw6BM7KF7RyMXT\nK8+s2vWZBHWGHWCDU0GwjU3f6362WJKXZdhmr7gCIW/iugyEglE2sf3U/SYgC0fi\nbcv6pou9zLpfY/7XmQV7zFN7DQKBgQDPjQeWU4ddTZIjIOa+fB43wNZC+/Nfnoft\nMdGQ5Wz27Fb7RMpGfZBp1+vD1cBBVBPqZNq3MFjBq5y9OEh9LjPt/9xboYau7/ey\n2bU/SAPY8d37FwUT3Fwkbed0SOICXGiTdR9mYyagqGZsLuycU/jdyyjZY5I6XYkU\ns1P5WWY3YQKBgFSjvKajmZ3I2M4p5wsNpp/e4qPpOnAmU9pAMimo0/Cs9VUQC2fT\nZ6Acen6yby52hv/hxwZjcQUvrnhB0gn5c5i3AqJpwH/rgxu986Q8ANTWrWxcPBgS\nPNrfq/I9S4OppaWrrGYUD/EGD/sY+MGXJzoHa/IquJBhduDUVfMw5hF9AoGBAIo3\npSHbJn5gNj3mn0OjbIw8g3PATecTr/mp/6G658HYymQy/3HKFO4nuP6Fzq6yy0CB\nQZZVQAZZvtvUK5IRvst0ZM8w1nyRmiclDKrDzqwfBnE8d0kuqr4n4sdx8fEYkRwC\nF5Mb3JGJFAxfg3roAQfTT7TVtn/f4nZCpl2bx5KBAoGBANxwFSR/tzxxWVqIDeXx\niK7zunhcuQ5oRcCdANxJXQaAZB8qKuP8GJlCthXHKDC2NR+0UbLoGORXZyKzDZYt\nFZxc7vB4uTBXdMvYq4q8L0D6IE4GNHiqvDQUGUiBsG/ZEwVX0JegNgKa5iP3NbXy\neb8brwcgIUus0K4kB12N/1UO\n-----END PRIVATE KEY-----\n"
            isEnabled = "YES">
         </EnvironmentVariable>
      </EnvironmentVariables>
   </LaunchAction>
   <ProfileAction
      buildConfiguration = "Release"
      shouldUseLaunchSchemeArgsEnv = "YES"
      savedToolIdentifier = ""
      useCustomWorkingDirectory = "NO"
      debugDocumentVersioning = "YES">
      <BuildableProductRunnable
         runnableDebuggingMode = "0">
         <BuildableReference
            BuildableIdentifier = "primary"
            BlueprintIdentifier = "Run"
            BuildableName = "Run"
            BlueprintName = "Run"
            ReferencedContainer = "container:">
         </BuildableReference>
      </BuildableProductRunnable>
   </ProfileAction>
   <AnalyzeAction
      buildConfiguration = "Debug">
   </AnalyzeAction>
   <ArchiveAction
      buildConfiguration = "Release"
      revealArchiveInOrganizer = "YES">
   </ArchiveAction>
</Scheme>
